// !$*UTF8*$!
{
	archiveVersion = 1;
	classes = {
	};
	objectVersion = 50;
	objects = {

/* Begin PBXBuildFile section */
		4C446ADF2559F9FC00BC04BC /* MealMe_SwiftUIApp.swift in Sources */ = {isa = PBXBuildFile; fileRef = 4C446ADE2559F9FC00BC04BC /* MealMe_SwiftUIApp.swift */; };
		4C446AE12559F9FC00BC04BC /* ContentView.swift in Sources */ = {isa = PBXBuildFile; fileRef = 4C446AE02559F9FC00BC04BC /* ContentView.swift */; };
		4C446AE32559F9FF00BC04BC /* Assets.xcassets in Resources */ = {isa = PBXBuildFile; fileRef = 4C446AE22559F9FF00BC04BC /* Assets.xcassets */; };
		4C446AE62559F9FF00BC04BC /* Preview Assets.xcassets in Resources */ = {isa = PBXBuildFile; fileRef = 4C446AE52559F9FF00BC04BC /* Preview Assets.xcassets */; };
		4C446AE82559F9FF00BC04BC /* Persistence.swift in Sources */ = {isa = PBXBuildFile; fileRef = 4C446AE72559F9FF00BC04BC /* Persistence.swift */; };
		4C446AEB2559F9FF00BC04BC /* MealMe_SwiftUI.xcdatamodeld in Sources */ = {isa = PBXBuildFile; fileRef = 4C446AE92559F9FF00BC04BC /* MealMe_SwiftUI.xcdatamodeld */; };
		4C446AF62559FA0000BC04BC /* MealMe_SwiftUITests.swift in Sources */ = {isa = PBXBuildFile; fileRef = 4C446AF52559FA0000BC04BC /* MealMe_SwiftUITests.swift */; };
		4C446B012559FA0000BC04BC /* MealMe_SwiftUIUITests.swift in Sources */ = {isa = PBXBuildFile; fileRef = 4C446B002559FA0000BC04BC /* MealMe_SwiftUIUITests.swift */; };
/* End PBXBuildFile section */

/* Begin PBXContainerItemProxy section */
		4C446AF22559FA0000BC04BC /* PBXContainerItemProxy */ = {
			isa = PBXContainerItemProxy;
			containerPortal = 4C446AD32559F9FB00BC04BC /* Project object */;
			proxyType = 1;
			remoteGlobalIDString = 4C446ADA2559F9FC00BC04BC;
			remoteInfo = "MealMe SwiftUI";
		};
		4C446AFD2559FA0000BC04BC /* PBXContainerItemProxy */ = {
			isa = PBXContainerItemProxy;
			containerPortal = 4C446AD32559F9FB00BC04BC /* Project object */;
			proxyType = 1;
			remoteGlobalIDString = 4C446ADA2559F9FC00BC04BC;
			remoteInfo = "MealMe SwiftUI";
		};
/* End PBXContainerItemProxy section */

/* Begin PBXFileReference section */
		4C446ADB2559F9FC00BC04BC /* MealMe SwiftUI.app */ = {isa = PBXFileReference; explicitFileType = wrapper.application; includeInIndex = 0; path = "MealMe SwiftUI.app"; sourceTree = BUILT_PRODUCTS_DIR; };
		4C446ADE2559F9FC00BC04BC /* MealMe_SwiftUIApp.swift */ = {isa = PBXFileReference; lastKnownFileType = sourcecode.swift; path = MealMe_SwiftUIApp.swift; sourceTree = "<group>"; };
		4C446AE02559F9FC00BC04BC /* ContentView.swift */ = {isa = PBXFileReference; lastKnownFileType = sourcecode.swift; path = ContentView.swift; sourceTree = "<group>"; };
		4C446AE22559F9FF00BC04BC /* Assets.xcassets */ = {isa = PBXFileReference; lastKnownFileType = folder.assetcatalog; path = Assets.xcassets; sourceTree = "<group>"; };
		4C446AE52559F9FF00BC04BC /* Preview Assets.xcassets */ = {isa = PBXFileReference; lastKnownFileType = folder.assetcatalog; path = "Preview Assets.xcassets"; sourceTree = "<group>"; };
		4C446AE72559F9FF00BC04BC /* Persistence.swift */ = {isa = PBXFileReference; lastKnownFileType = sourcecode.swift; path = Persistence.swift; sourceTree = "<group>"; };
		4C446AEA2559F9FF00BC04BC /* MealMe_SwiftUI.xcdatamodel */ = {isa = PBXFileReference; lastKnownFileType = wrapper.xcdatamodel; path = MealMe_SwiftUI.xcdatamodel; sourceTree = "<group>"; };
		4C446AEC2559F9FF00BC04BC /* Info.plist */ = {isa = PBXFileReference; lastKnownFileType = text.plist.xml; path = Info.plist; sourceTree = "<group>"; };
		4C446AF12559FA0000BC04BC /* MealMe SwiftUITests.xctest */ = {isa = PBXFileReference; explicitFileType = wrapper.cfbundle; includeInIndex = 0; path = "MealMe SwiftUITests.xctest"; sourceTree = BUILT_PRODUCTS_DIR; };
		4C446AF52559FA0000BC04BC /* MealMe_SwiftUITests.swift */ = {isa = PBXFileReference; lastKnownFileType = sourcecode.swift; path = MealMe_SwiftUITests.swift; sourceTree = "<group>"; };
		4C446AF72559FA0000BC04BC /* Info.plist */ = {isa = PBXFileReference; lastKnownFileType = text.plist.xml; path = Info.plist; sourceTree = "<group>"; };
		4C446AFC2559FA0000BC04BC /* MealMe SwiftUIUITests.xctest */ = {isa = PBXFileReference; explicitFileType = wrapper.cfbundle; includeInIndex = 0; path = "MealMe SwiftUIUITests.xctest"; sourceTree = BUILT_PRODUCTS_DIR; };
		4C446B002559FA0000BC04BC /* MealMe_SwiftUIUITests.swift */ = {isa = PBXFileReference; lastKnownFileType = sourcecode.swift; path = MealMe_SwiftUIUITests.swift; sourceTree = "<group>"; };
		4C446B022559FA0000BC04BC /* Info.plist */ = {isa = PBXFileReference; lastKnownFileType = text.plist.xml; path = Info.plist; sourceTree = "<group>"; };
/* End PBXFileReference section */

/* Begin PBXFrameworksBuildPhase section */
		4C446AD82559F9FC00BC04BC /* Frameworks */ = {
			isa = PBXFrameworksBuildPhase;
			buildActionMask = 2147483647;
			files = (
			);
			runOnlyForDeploymentPostprocessing = 0;
		};
		4C446AEE2559FA0000BC04BC /* Frameworks */ = {
			isa = PBXFrameworksBuildPhase;
			buildActionMask = 2147483647;
			files = (
			);
			runOnlyForDeploymentPostprocessing = 0;
		};
		4C446AF92559FA0000BC04BC /* Frameworks */ = {
			isa = PBXFrameworksBuildPhase;
			buildActionMask = 2147483647;
			files = (
			);
			runOnlyForDeploymentPostprocessing = 0;
		};
/* End PBXFrameworksBuildPhase section */

/* Begin PBXGroup section */
		4C446AD22559F9FB00BC04BC = {
			isa = PBXGroup;
			children = (
				4C446ADD2559F9FC00BC04BC /* MealMe SwiftUI */,
				4C446AF42559FA0000BC04BC /* MealMe SwiftUITests */,
				4C446AFF2559FA0000BC04BC /* MealMe SwiftUIUITests */,
				4C446ADC2559F9FC00BC04BC /* Products */,
			);
			sourceTree = "<group>";
		};
		4C446ADC2559F9FC00BC04BC /* Products */ = {
			isa = PBXGroup;
			children = (
				4C446ADB2559F9FC00BC04BC /* MealMe SwiftUI.app */,
				4C446AF12559FA0000BC04BC /* MealMe SwiftUITests.xctest */,
				4C446AFC2559FA0000BC04BC /* MealMe SwiftUIUITests.xctest */,
			);
			name = Products;
			sourceTree = "<group>";
		};
		4C446ADD2559F9FC00BC04BC /* MealMe SwiftUI */ = {
			isa = PBXGroup;
			children = (
				4C446ADE2559F9FC00BC04BC /* MealMe_SwiftUIApp.swift */,
				4C446AE02559F9FC00BC04BC /* ContentView.swift */,
				4C446AE22559F9FF00BC04BC /* Assets.xcassets */,
				4C446AE72559F9FF00BC04BC /* Persistence.swift */,
				4C446AEC2559F9FF00BC04BC /* Info.plist */,
				4C446AE92559F9FF00BC04BC /* MealMe_SwiftUI.xcdatamodeld */,
				4C446AE42559F9FF00BC04BC /* Preview Content */,
			);
			path = "MealMe SwiftUI";
			sourceTree = "<group>";
		};
		4C446AE42559F9FF00BC04BC /* Preview Content */ = {
			isa = PBXGroup;
			children = (
				4C446AE52559F9FF00BC04BC /* Preview Assets.xcassets */,
			);
			path = "Preview Content";
			sourceTree = "<group>";
		};
		4C446AF42559FA0000BC04BC /* MealMe SwiftUITests */ = {
			isa = PBXGroup;
			children = (
				4C446AF52559FA0000BC04BC /* MealMe_SwiftUITests.swift */,
				4C446AF72559FA0000BC04BC /* Info.plist */,
			);
			path = "MealMe SwiftUITests";
			sourceTree = "<group>";
		};
		4C446AFF2559FA0000BC04BC /* MealMe SwiftUIUITests */ = {
			isa = PBXGroup;
			children = (
				4C446B002559FA0000BC04BC /* MealMe_SwiftUIUITests.swift */,
				4C446B022559FA0000BC04BC /* Info.plist */,
			);
			path = "MealMe SwiftUIUITests";
			sourceTree = "<group>";
		};
/* End PBXGroup section */

/* Begin PBXNativeTarget section */
		4C446ADA2559F9FC00BC04BC /* MealMe SwiftUI */ = {
			isa = PBXNativeTarget;
			buildConfigurationList = 4C446B052559FA0000BC04BC /* Build configuration list for PBXNativeTarget "MealMe SwiftUI" */;
			buildPhases = (
				4C446AD72559F9FC00BC04BC /* Sources */,
				4C446AD82559F9FC00BC04BC /* Frameworks */,
				4C446AD92559F9FC00BC04BC /* Resources */,
			);
			buildRules = (
			);
			dependencies = (
			);
			name = "MealMe SwiftUI";
			productName = "MealMe SwiftUI";
			productReference = 4C446ADB2559F9FC00BC04BC /* MealMe SwiftUI.app */;
			productType = "com.apple.product-type.application";
		};
		4C446AF02559FA0000BC04BC /* MealMe SwiftUITests */ = {
			isa = PBXNativeTarget;
			buildConfigurationList = 4C446B082559FA0000BC04BC /* Build configuration list for PBXNativeTarget "MealMe SwiftUITests" */;
			buildPhases = (
				4C446AED2559FA0000BC04BC /* Sources */,
				4C446AEE2559FA0000BC04BC /* Frameworks */,
				4C446AEF2559FA0000BC04BC /* Resources */,
			);
			buildRules = (
			);
			dependencies = (
				4C446AF32559FA0000BC04BC /* PBXTargetDependency */,
			);
			name = "MealMe SwiftUITests";
			productName = "MealMe SwiftUITests";
			productReference = 4C446AF12559FA0000BC04BC /* MealMe SwiftUITests.xctest */;
			productType = "com.apple.product-type.bundle.unit-test";
		};
		4C446AFB2559FA0000BC04BC /* MealMe SwiftUIUITests */ = {
			isa = PBXNativeTarget;
			buildConfigurationList = 4C446B0B2559FA0000BC04BC /* Build configuration list for PBXNativeTarget "MealMe SwiftUIUITests" */;
			buildPhases = (
				4C446AF82559FA0000BC04BC /* Sources */,
				4C446AF92559FA0000BC04BC /* Frameworks */,
				4C446AFA2559FA0000BC04BC /* Resources */,
			);
			buildRules = (
			);
			dependencies = (
				4C446AFE2559FA0000BC04BC /* PBXTargetDependency */,
			);
			name = "MealMe SwiftUIUITests";
			productName = "MealMe SwiftUIUITests";
			productReference = 4C446AFC2559FA0000BC04BC /* MealMe SwiftUIUITests.xctest */;
			productType = "com.apple.product-type.bundle.ui-testing";
		};
/* End PBXNativeTarget section */

/* Begin PBXProject section */
		4C446AD32559F9FB00BC04BC /* Project object */ = {
			isa = PBXProject;
			attributes = {
				LastSwiftUpdateCheck = 1210;
				LastUpgradeCheck = 1210;
				TargetAttributes = {
					4C446ADA2559F9FC00BC04BC = {
						CreatedOnToolsVersion = 12.1;
					};
					4C446AF02559FA0000BC04BC = {
						CreatedOnToolsVersion = 12.1;
						TestTargetID = 4C446ADA2559F9FC00BC04BC;
					};
					4C446AFB2559FA0000BC04BC = {
						CreatedOnToolsVersion = 12.1;
						TestTargetID = 4C446ADA2559F9FC00BC04BC;
					};
				};
			};
			buildConfigurationList = 4C446AD62559F9FB00BC04BC /* Build configuration list for PBXProject "MealMe SwiftUI" */;
			compatibilityVersion = "Xcode 9.3";
			developmentRegion = en;
			hasScannedForEncodings = 0;
			knownRegions = (
				en,
				Base,
			);
			mainGroup = 4C446AD22559F9FB00BC04BC;
			productRefGroup = 4C446ADC2559F9FC00BC04BC /* Products */;
			projectDirPath = "";
			projectRoot = "";
			targets = (
				4C446ADA2559F9FC00BC04BC /* MealMe SwiftUI */,
				4C446AF02559FA0000BC04BC /* MealMe SwiftUITests */,
				4C446AFB2559FA0000BC04BC /* MealMe SwiftUIUITests */,
			);
		};
/* End PBXProject section */

/* Begin PBXResourcesBuildPhase section */
		4C446AD92559F9FC00BC04BC /* Resources */ = {
			isa = PBXResourcesBuildPhase;
			buildActionMask = 2147483647;
			files = (
				4C446AE62559F9FF00BC04BC /* Preview Assets.xcassets in Resources */,
				4C446AE32559F9FF00BC04BC /* Assets.xcassets in Resources */,
			);
			runOnlyForDeploymentPostprocessing = 0;
		};
		4C446AEF2559FA0000BC04BC /* Resources */ = {
			isa = PBXResourcesBuildPhase;
			buildActionMask = 2147483647;
			files = (
			);
			runOnlyForDeploymentPostprocessing = 0;
		};
		4C446AFA2559FA0000BC04BC /* Resources */ = {
			isa = PBXResourcesBuildPhase;
			buildActionMask = 2147483647;
			files = (
			);
			runOnlyForDeploymentPostprocessing = 0;
		};
/* End PBXResourcesBuildPhase section */

/* Begin PBXSourcesBuildPhase section */
		4C446AD72559F9FC00BC04BC /* Sources */ = {
			isa = PBXSourcesBuildPhase;
			buildActionMask = 2147483647;
			files = (
				4C446AE82559F9FF00BC04BC /* Persistence.swift in Sources */,
				4C446AE12559F9FC00BC04BC /* ContentView.swift in Sources */,
				4C446AEB2559F9FF00BC04BC /* MealMe_SwiftUI.xcdatamodeld in Sources */,
				4C446ADF2559F9FC00BC04BC /* MealMe_SwiftUIApp.swift in Sources */,
			);
			runOnlyForDeploymentPostprocessing = 0;
		};
		4C446AED2559FA0000BC04BC /* Sources */ = {
			isa = PBXSourcesBuildPhase;
			buildActionMask = 2147483647;
			files = (
				4C446AF62559FA0000BC04BC /* MealMe_SwiftUITests.swift in Sources */,
			);
			runOnlyForDeploymentPostprocessing = 0;
		};
		4C446AF82559FA0000BC04BC /* Sources */ = {
			isa = PBXSourcesBuildPhase;
			buildActionMask = 2147483647;
			files = (
				4C446B012559FA0000BC04BC /* MealMe_SwiftUIUITests.swift in Sources */,
			);
			runOnlyForDeploymentPostprocessing = 0;
		};
/* End PBXSourcesBuildPhase section */

/* Begin PBXTargetDependency section */
		4C446AF32559FA0000BC04BC /* PBXTargetDependency */ = {
			isa = PBXTargetDependency;
			target = 4C446ADA2559F9FC00BC04BC /* MealMe SwiftUI */;
			targetProxy = 4C446AF22559FA0000BC04BC /* PBXContainerItemProxy */;
		};
		4C446AFE2559FA0000BC04BC /* PBXTargetDependency */ = {
			isa = PBXTargetDependency;
			target = 4C446ADA2559F9FC00BC04BC /* MealMe SwiftUI */;
			targetProxy = 4C446AFD2559FA0000BC04BC /* PBXContainerItemProxy */;
		};
/* End PBXTargetDependency section */

/* Begin XCBuildConfiguration section */
		4C446B032559FA0000BC04BC /* Debug */ = {
			isa = XCBuildConfiguration;
			buildSettings = {
				ALWAYS_SEARCH_USER_PATHS = NO;
				CLANG_ANALYZER_NONNULL = YES;
				CLANG_ANALYZER_NUMBER_OBJECT_CONVERSION = YES_AGGRESSIVE;
				CLANG_CXX_LANGUAGE_STANDARD = "gnu++14";
				CLANG_CXX_LIBRARY = "libc++";
				CLANG_ENABLE_MODULES = YES;
				CLANG_ENABLE_OBJC_ARC = YES;
				CLANG_ENABLE_OBJC_WEAK = YES;
				CLANG_WARN_BLOCK_CAPTURE_AUTORELEASING = YES;
				CLANG_WARN_BOOL_CONVERSION = YES;
				CLANG_WARN_COMMA = YES;
				CLANG_WARN_CONSTANT_CONVERSION = YES;
				CLANG_WARN_DEPRECATED_OBJC_IMPLEMENTATIONS = YES;
				CLANG_WARN_DIRECT_OBJC_ISA_USAGE = YES_ERROR;
				CLANG_WARN_DOCUMENTATION_COMMENTS = YES;
				CLANG_WARN_EMPTY_BODY = YES;
				CLANG_WARN_ENUM_CONVERSION = YES;
				CLANG_WARN_INFINITE_RECURSION = YES;
				CLANG_WARN_INT_CONVERSION = YES;
				CLANG_WARN_NON_LITERAL_NULL_CONVERSION = YES;
				CLANG_WARN_OBJC_IMPLICIT_RETAIN_SELF = YES;
				CLANG_WARN_OBJC_LITERAL_CONVERSION = YES;
				CLANG_WARN_OBJC_ROOT_CLASS = YES_ERROR;
				CLANG_WARN_QUOTED_INCLUDE_IN_FRAMEWORK_HEADER = YES;
				CLANG_WARN_RANGE_LOOP_ANALYSIS = YES;
				CLANG_WARN_STRICT_PROTOTYPES = YES;
				CLANG_WARN_SUSPICIOUS_MOVE = YES;
				CLANG_WARN_UNGUARDED_AVAILABILITY = YES_AGGRESSIVE;
				CLANG_WARN_UNREACHABLE_CODE = YES;
				CLANG_WARN__DUPLICATE_METHOD_MATCH = YES;
				COPY_PHASE_STRIP = NO;
				DEBUG_INFORMATION_FORMAT = dwarf;
				ENABLE_STRICT_OBJC_MSGSEND = YES;
				ENABLE_TESTABILITY = YES;
				GCC_C_LANGUAGE_STANDARD = gnu11;
				GCC_DYNAMIC_NO_PIC = NO;
				GCC_NO_COMMON_BLOCKS = YES;
				GCC_OPTIMIZATION_LEVEL = 0;
				GCC_PREPROCESSOR_DEFINITIONS = (
					"DEBUG=1",
					"$(inherited)",
				);
				GCC_WARN_64_TO_32_BIT_CONVERSION = YES;
				GCC_WARN_ABOUT_RETURN_TYPE = YES_ERROR;
				GCC_WARN_UNDECLARED_SELECTOR = YES;
				GCC_WARN_UNINITIALIZED_AUTOS = YES_AGGRESSIVE;
				GCC_WARN_UNUSED_FUNCTION = YES;
				GCC_WARN_UNUSED_VARIABLE = YES;
				IPHONEOS_DEPLOYMENT_TARGET = 14.1;
				MTL_ENABLE_DEBUG_INFO = INCLUDE_SOURCE;
				MTL_FAST_MATH = YES;
				ONLY_ACTIVE_ARCH = YES;
				SDKROOT = iphoneos;
				SWIFT_ACTIVE_COMPILATION_CONDITIONS = DEBUG;
				SWIFT_OPTIMIZATION_LEVEL = "-Onone";
			};
			name = Debug;
		};
		4C446B042559FA0000BC04BC /* Release */ = {
			isa = XCBuildConfiguration;
			buildSettings = {
				ALWAYS_SEARCH_USER_PATHS = NO;
				CLANG_ANALYZER_NONNULL = YES;
				CLANG_ANALYZER_NUMBER_OBJECT_CONVERSION = YES_AGGRESSIVE;
				CLANG_CXX_LANGUAGE_STANDARD = "gnu++14";
				CLANG_CXX_LIBRARY = "libc++";
				CLANG_ENABLE_MODULES = YES;
				CLANG_ENABLE_OBJC_ARC = YES;
				CLANG_ENABLE_OBJC_WEAK = YES;
				CLANG_WARN_BLOCK_CAPTURE_AUTORELEASING = YES;
				CLANG_WARN_BOOL_CONVERSION = YES;
				CLANG_WARN_COMMA = YES;
				CLANG_WARN_CONSTANT_CONVERSION = YES;
				CLANG_WARN_DEPRECATED_OBJC_IMPLEMENTATIONS = YES;
				CLANG_WARN_DIRECT_OBJC_ISA_USAGE = YES_ERROR;
				CLANG_WARN_DOCUMENTATION_COMMENTS = YES;
				CLANG_WARN_EMPTY_BODY = YES;
				CLANG_WARN_ENUM_CONVERSION = YES;
				CLANG_WARN_INFINITE_RECURSION = YES;
				CLANG_WARN_INT_CONVERSION = YES;
				CLANG_WARN_NON_LITERAL_NULL_CONVERSION = YES;
				CLANG_WARN_OBJC_IMPLICIT_RETAIN_SELF = YES;
				CLANG_WARN_OBJC_LITERAL_CONVERSION = YES;
				CLANG_WARN_OBJC_ROOT_CLASS = YES_ERROR;
				CLANG_WARN_QUOTED_INCLUDE_IN_FRAMEWORK_HEADER = YES;
				CLANG_WARN_RANGE_LOOP_ANALYSIS = YES;
				CLANG_WARN_STRICT_PROTOTYPES = YES;
				CLANG_WARN_SUSPICIOUS_MOVE = YES;
				CLANG_WARN_UNGUARDED_AVAILABILITY = YES_AGGRESSIVE;
				CLANG_WARN_UNREACHABLE_CODE = YES;
				CLANG_WARN__DUPLICATE_METHOD_MATCH = YES;
				COPY_PHASE_STRIP = NO;
				DEBUG_INFORMATION_FORMAT = "dwarf-with-dsym";
				ENABLE_NS_ASSERTIONS = NO;
				ENABLE_STRICT_OBJC_MSGSEND = YES;
				GCC_C_LANGUAGE_STANDARD = gnu11;
				GCC_NO_COMMON_BLOCKS = YES;
				GCC_WARN_64_TO_32_BIT_CONVERSION = YES;
				GCC_WARN_ABOUT_RETURN_TYPE = YES_ERROR;
				GCC_WARN_UNDECLARED_SELECTOR = YES;
				GCC_WARN_UNINITIALIZED_AUTOS = YES_AGGRESSIVE;
				GCC_WARN_UNUSED_FUNCTION = YES;
				GCC_WARN_UNUSED_VARIABLE = YES;
				IPHONEOS_DEPLOYMENT_TARGET = 14.1;
				MTL_ENABLE_DEBUG_INFO = NO;
				MTL_FAST_MATH = YES;
				SDKROOT = iphoneos;
				SWIFT_COMPILATION_MODE = wholemodule;
				SWIFT_OPTIMIZATION_LEVEL = "-O";
				VALIDATE_PRODUCT = YES;
			};
			name = Release;
		};
		4C446B062559FA0000BC04BC /* Debug */ = {
			isa = XCBuildConfiguration;
			buildSettings = {
				ASSETCATALOG_COMPILER_APPICON_NAME = AppIcon;
				ASSETCATALOG_COMPILER_GLOBAL_ACCENT_COLOR_NAME = AccentColor;
				CODE_SIGN_STYLE = Automatic;
				DEVELOPMENT_ASSET_PATHS = "\"MealMe SwiftUI/Preview Content\"";
				DEVELOPMENT_TEAM = A7B3KML4QM;
				ENABLE_PREVIEWS = YES;
				INFOPLIST_FILE = "MealMe SwiftUI/Info.plist";
				IPHONEOS_DEPLOYMENT_TARGET = 14.0;
				LD_RUNPATH_SEARCH_PATHS = (
					"$(inherited)",
					"@executable_path/Frameworks",
				);
				PRODUCT_BUNDLE_IDENTIFIER = "com.zacsoldaat.MealMe-SwiftUI";
				PRODUCT_NAME = "$(TARGET_NAME)";
				SWIFT_VERSION = 5.0;
				TARGETED_DEVICE_FAMILY = "1,2";
			};
			name = Debug;
		};
		4C446B072559FA0000BC04BC /* Release */ = {
			isa = XCBuildConfiguration;
			buildSettings = {
				ASSETCATALOG_COMPILER_APPICON_NAME = AppIcon;
				ASSETCATALOG_COMPILER_GLOBAL_ACCENT_COLOR_NAME = AccentColor;
				CODE_SIGN_STYLE = Automatic;
				DEVELOPMENT_ASSET_PATHS = "\"MealMe SwiftUI/Preview Content\"";
				DEVELOPMENT_TEAM = A7B3KML4QM;
				ENABLE_PREVIEWS = YES;
				INFOPLIST_FILE = "MealMe SwiftUI/Info.plist";
				IPHONEOS_DEPLOYMENT_TARGET = 14.0;
				LD_RUNPATH_SEARCH_PATHS = (
					"$(inherited)",
					"@executable_path/Frameworks",
				);
				PRODUCT_BUNDLE_IDENTIFIER = "com.zacsoldaat.MealMe-SwiftUI";
				PRODUCT_NAME = "$(TARGET_NAME)";
				SWIFT_VERSION = 5.0;
				TARGETED_DEVICE_FAMILY = "1,2";
			};
			name = Release;
		};
		4C446B092559FA0000BC04BC /* Debug */ = {
			isa = XCBuildConfiguration;
			buildSettings = {
				ALWAYS_EMBED_SWIFT_STANDARD_LIBRARIES = YES;
				BUNDLE_LOADER = "$(TEST_HOST)";
				CODE_SIGN_STYLE = Automatic;
				DEVELOPMENT_TEAM = A7B3KML4QM;
				INFOPLIST_FILE = "MealMe SwiftUITests/Info.plist";
				IPHONEOS_DEPLOYMENT_TARGET = 14.0;
				LD_RUNPATH_SEARCH_PATHS = (
					"$(inherited)",
					"@executable_path/Frameworks",
					"@loader_path/Frameworks",
				);
				PRODUCT_BUNDLE_IDENTIFIER = "com.zacsoldaat.MealMe-SwiftUITests";
				PRODUCT_NAME = "$(TARGET_NAME)";
				SWIFT_VERSION = 5.0;
				TARGETED_DEVICE_FAMILY = "1,2";
				TEST_HOST = "$(BUILT_PRODUCTS_DIR)/MealMe SwiftUI.app/MealMe SwiftUI";
			};
			name = Debug;
		};
		4C446B0A2559FA0000BC04BC /* Release */ = {
			isa = XCBuildConfiguration;
			buildSettings = {
				ALWAYS_EMBED_SWIFT_STANDARD_LIBRARIES = YES;
				BUNDLE_LOADER = "$(TEST_HOST)";
				CODE_SIGN_STYLE = Automatic;
				DEVELOPMENT_TEAM = A7B3KML4QM;
				INFOPLIST_FILE = "MealMe SwiftUITests/Info.plist";
				IPHONEOS_DEPLOYMENT_TARGET = 14.0;
				LD_RUNPATH_SEARCH_PATHS = (
					"$(inherited)",
					"@executable_path/Frameworks",
					"@loader_path/Frameworks",
				);
				PRODUCT_BUNDLE_IDENTIFIER = "com.zacsoldaat.MealMe-SwiftUITests";
				PRODUCT_NAME = "$(TARGET_NAME)";
				SWIFT_VERSION = 5.0;
				TARGETED_DEVICE_FAMILY = "1,2";
				TEST_HOST = "$(BUILT_PRODUCTS_DIR)/MealMe SwiftUI.app/MealMe SwiftUI";
			};
			name = Release;
		};
		4C446B0C2559FA0000BC04BC /* Debug */ = {
			isa = XCBuildConfiguration;
			buildSettings = {
				ALWAYS_EMBED_SWIFT_STANDARD_LIBRARIES = YES;
				CODE_SIGN_STYLE = Automatic;
				DEVELOPMENT_TEAM = A7B3KML4QM;
				INFOPLIST_FILE = "MealMe SwiftUIUITests/Info.plist";
				LD_RUNPATH_SEARCH_PATHS = (
					"$(inherited)",
					"@executable_path/Frameworks",
					"@loader_path/Frameworks",
				);
				PRODUCT_BUNDLE_IDENTIFIER = "com.zacsoldaat.MealMe-SwiftUIUITests";
				PRODUCT_NAME = "$(TARGET_NAME)";
				SWIFT_VERSION = 5.0;
				TARGETED_DEVICE_FAMILY = "1,2";
				TEST_TARGET_NAME = "MealMe SwiftUI";
			};
			name = Debug;
		};
		4C446B0D2559FA0000BC04BC /* Release */ = {
			isa = XCBuildConfiguration;
			buildSettings = {
				ALWAYS_EMBED_SWIFT_STANDARD_LIBRARIES = YES;
				CODE_SIGN_STYLE = Automatic;
				DEVELOPMENT_TEAM = A7B3KML4QM;
				INFOPLIST_FILE = "MealMe SwiftUIUITests/Info.plist";
				LD_RUNPATH_SEARCH_PATHS = (
					"$(inherited)",
					"@executable_path/Frameworks",
					"@loader_path/Frameworks",
				);
				PRODUCT_BUNDLE_IDENTIFIER = "com.zacsoldaat.MealMe-SwiftUIUITests";
				PRODUCT_NAME = "$(TARGET_NAME)";
				SWIFT_VERSION = 5.0;
				TARGETED_DEVICE_FAMILY = "1,2";
				TEST_TARGET_NAME = "MealMe SwiftUI";
			};
			name = Release;
		};
/* End XCBuildConfiguration section */

/* Begin XCConfigurationList section */
		4C446AD62559F9FB00BC04BC /* Build configuration list for PBXProject "MealMe SwiftUI" */ = {
			isa = XCConfigurationList;
			buildConfigurations = (
				4C446B032559FA0000BC04BC /* Debug */,
				4C446B042559FA0000BC04BC /* Release */,
			);
			defaultConfigurationIsVisible = 0;
			defaultConfigurationName = Release;
		};
		4C446B052559FA0000BC04BC /* Build configuration list for PBXNativeTarget "MealMe SwiftUI" */ = {
			isa = XCConfigurationList;
			buildConfigurations = (
				4C446B062559FA0000BC04BC /* Debug */,
				4C446B072559FA0000BC04BC /* Release */,
			);
			defaultConfigurationIsVisible = 0;
			defaultConfigurationName = Release;
		};
		4C446B082559FA0000BC04BC /* Build configuration list for PBXNativeTarget "MealMe SwiftUITests" */ = {
			isa = XCConfigurationList;
			buildConfigurations = (
				4C446B092559FA0000BC04BC /* Debug */,
				4C446B0A2559FA0000BC04BC /* Release */,
			);
			defaultConfigurationIsVisible = 0;
			defaultConfigurationName = Release;
		};
		4C446B0B2559FA0000BC04BC /* Build configuration list for PBXNativeTarget "MealMe SwiftUIUITests" */ = {
			isa = XCConfigurationList;
			buildConfigurations = (
				4C446B0C2559FA0000BC04BC /* Debug */,
				4C446B0D2559FA0000BC04BC /* Release */,
			);
			defaultConfigurationIsVisible = 0;
			defaultConfigurationName = Release;
		};
/* End XCConfigurationList section */

/* Begin XCVersionGroup section */
		4C446AE92559F9FF00BC04BC /* MealMe_SwiftUI.xcdatamodeld */ = {
			isa = XCVersionGroup;
			children = (
				4C446AEA2559F9FF00BC04BC /* MealMe_SwiftUI.xcdatamodel */,
			);
			currentVersion = 4C446AEA2559F9FF00BC04BC /* MealMe_SwiftUI.xcdatamodel */;
			path = MealMe_SwiftUI.xcdatamodeld;
			sourceTree = "<group>";
			versionGroupType = wrapper.xcdatamodel;
		};
/* End XCVersionGroup section */
	};
	rootObject = 4C446AD32559F9FB00BC04BC /* Project object */;
}
